
Microsoft Visual Studio Solution File, Format Version 12.00
# Visual Studio Version 17
VisualStudioVersion = 17.7.34003.232
MinimumVisualStudioVersion = 10.0.40219.1
Project("{9A19103F-16F7-4668-BE54-9A1E7A4F7556}") = "PrometheusMVPProvider", "PrometheusMVPProvider\PrometheusMVPProvider.csproj", "{D5E35806-64D5-41B1-949F-CE61D60BA06B}"
EndProject
Global
	GlobalSection(SolutionConfigurationPlatforms) = preSolution
		Debug|Any CPU = Debug|Any CPU
		Debug|ARM = Debug|ARM
		Debug|ARM64 = Debug|ARM64
		Debug|x64 = Debug|x64
		Debug|x86 = Debug|x86
		Release|Any CPU = Release|Any CPU
		Release|ARM = Release|ARM
		Release|ARM64 = Release|ARM64
		Release|x64 = Release|x64
		Release|x86 = Release|x86
	EndGlobalSection
	GlobalSection(ProjectConfigurationPlatforms) = postSolution
		{D5E35806-64D5-41B1-949F-CE61D60BA06B}.Debug|Any CPU.ActiveCfg = Debug|Any CPU
		{D5E35806-64D5-41B1-949F-CE61D60BA06B}.Debug|Any CPU.Build.0 = Debug|Any CPU
		{D5E35806-64D5-41B1-949F-CE61D60BA06B}.Debug|ARM.ActiveCfg = Debug|Any CPU
		{D5E35806-64D5-41B1-949F-CE61D60BA06B}.Debug|ARM.Build.0 = Debug|Any CPU
		{D5E35806-64D5-41B1-949F-CE61D60BA06B}.Debug|ARM64.ActiveCfg = Debug|Any CPU
		{D5E35806-64D5-41B1-949F-CE61D60BA06B}.Debug|ARM64.Build.0 = Debug|Any CPU
		{D5E35806-64D5-41B1-949F-CE61D60BA06B}.Debug|x64.ActiveCfg = Debug|Any CPU
		{D5E35806-64D5-41B1-949F-CE61D60BA06B}.Debug|x64.Build.0 = Debug|Any CPU
		{D5E35806-64D5-41B1-949F-CE61D60BA06B}.Debug|x86.ActiveCfg = Debug|Any CPU
		{D5E35806-64D5-41B1-949F-CE61D60BA06B}.Debug|x86.Build.0 = Debug|Any CPU
		{D5E35806-64D5-41B1-949F-CE61D60BA06B}.Release|Any CPU.ActiveCfg = Release|Any CPU
		{D5E35806-64D5-41B1-949F-CE61D60BA06B}.Release|Any CPU.Build.0 = Release|Any CPU
		{D5E35806-64D5-41B1-949F-CE61D60BA06B}.Release|ARM.ActiveCfg = Release|Any CPU
		{D5E35806-64D5-41B1-949F-CE61D60BA06B}.Release|ARM.Build.0 = Release|Any CPU
		{D5E35806-64D5-41B1-949F-CE61D60BA06B}.Release|ARM64.ActiveCfg = Release|Any CPU
		{D5E35806-64D5-41B1-949F-CE61D60BA06B}.Release|ARM64.Build.0 = Release|Any CPU
		{D5E35806-64D5-41B1-949F-CE61D60BA06B}.Release|x64.ActiveCfg = Release|Any CPU
		{D5E35806-64D5-41B1-949F-CE61D60BA06B}.Release|x64.Build.0 = Release|Any CPU
		{D5E35806-64D5-41B1-949F-CE61D60BA06B}.Release|x86.ActiveCfg = Release|Any CPU
		{D5E35806-64D5-41B1-949F-CE61D60BA06B}.Release|x86.Build.0 = Release|Any CPU
	EndGlobalSection
	GlobalSection(SolutionProperties) = preSolution
		HideSolutionNode = FALSE
	EndGlobalSection
	GlobalSection(ExtensibilityGlobals) = postSolution
		SolutionGuid = {B43507B7-DB46-4DFD-9CA4-32495DCD9A28}
	EndGlobalSection
EndGlobal
